Microsoft Visual Studio Solution File, Format Version 12.00
# Visual Studio Version 17
VisualStudioVersion = 17.5.2.0
MinimumVisualStudioVersion = 10.0.40219.1
Project("{FAE04EC0-301F-11D3-BF4B-00C04F79EFBC}") = "HelloBlazor", "HelloBlazor.csproj", "{9047CC55-8920-27C7-0367-7441D462A390}"
EndProject
Global
	GlobalSection(SolutionConfigurationPlatforms) = preSolution
		Debug|Any CPU = Debug|Any CPU
		Release|Any CPU = Release|Any CPU
	EndGlobalSection
	GlobalSection(ProjectConfigurationPlatforms) = postSolution
		{9047CC55-8920-27C7-0367-7441D462A390}.Debug|Any CPU.ActiveCfg = Debug|Any CPU
		{9047CC55-8920-27C7-0367-7441D462A390}.Debug|Any CPU.Build.0 = Debug|Any CPU
		{9047CC55-8920-27C7-0367-7441D462A390}.Release|Any CPU.ActiveCfg = Release|Any CPU
		{9047CC55-8920-27C7-0367-7441D462A390}.Release|Any CPU.Build.0 = Release|Any CPU
	EndGlobalSection
	GlobalSection(SolutionProperties) = preSolution
		HideSolutionNode = FALSE
	EndGlobalSection
	GlobalSection(ExtensibilityGlobals) = postSolution
		SolutionGuid = {AD45FC9F-0606-41DB-94D3-F6EB91CCACBB}
	EndGlobalSection
EndGlobal
